PODS:
  - JGProgressHUD (2.2)
  - LBTATools (1.0.12)

DEPENDENCIES:
  - JGProgressHUD
  - LBTATools

SPEC REPOS:
  trunk:
    - JGProgressHUD
    - LBTATools

SPEC CHECKSUMS:
  JGProgressHUD: d83d7a981b85d11205e19ff8ad5bb9c40571c847
  LBTATools: 389a901a01b9a56bea5682c40cd6e23530f40015

PODFILE CHECKSUM: 60b63e7783510fd805dd137ecd3a5c5d09d60ebb

COCOAPODS: 1.10.0
